
Microsoft Visual Studio Solution File, Format Version 12.00
# Visual Studio Version 17
VisualStudioVersion = 17.7.34031.279
MinimumVisualStudioVersion = 10.0.40219.1
Project("{FAE04EC0-301F-11D3-BF4B-00C04F79EFBC}") = "lab6", "lab6\lab6.csproj", "{43DD28DD-0B1B-4CE2-910A-949ADE3D5B83}"
EndProject
Global
	GlobalSection(SolutionConfigurationPlatforms) = preSolution
		Debug|Any CPU = Debug|Any CPU
		Release|Any CPU = Release|Any CPU
	EndGlobalSection
	GlobalSection(ProjectConfigurationPlatforms) = postSolution
		{43DD28DD-0B1B-4CE2-910A-949ADE3D5B83}.Debug|Any CPU.ActiveCfg = Debug|Any CPU
		{43DD28DD-0B1B-4CE2-910A-949ADE3D5B83}.Debug|Any CPU.Build.0 = Debug|Any CPU
		{43DD28DD-0B1B-4CE2-910A-949ADE3D5B83}.Release|Any CPU.ActiveCfg = Release|Any CPU
		{43DD28DD-0B1B-4CE2-910A-949ADE3D5B83}.Release|Any CPU.Build.0 = Release|Any CPU
	EndGlobalSection
	GlobalSection(SolutionProperties) = preSolution
		HideSolutionNode = FALSE
	EndGlobalSection
	GlobalSection(ExtensibilityGlobals) = postSolution
		SolutionGuid = {F2153669-B3EE-43A6-ADC3-7B054643F370}
	EndGlobalSection
EndGlobal
